
Microsoft Visual Studio Solution File, Format Version 12.00
# Visual Studio Version 17
VisualStudioVersion = 17.1.32328.378
MinimumVisualStudioVersion = 10.0.40219.1
Project("{2150E333-8FDC-42A3-9474-1A3956D46DE8}") = "Solution Items", "Solution Items", "{4F1182A4-9FDC-4032-A8F4-F654E9650106}"
	ProjectSection(SolutionItems) = preProject
		src\docker-compose.override.yml = src\docker-compose.override.yml
		src\docker-compose.yml = src\docker-compose.yml
		global.json = global.json
		Microservices-Solution-Architect.png = Microservices-Solution-Architect.png
		ReadMe.md = ReadMe.md
	EndProjectSection
EndProject
Project("{2150E333-8FDC-42A3-9474-1A3956D46DE8}") = "src", "src", "{D8FD53B8-8215-461C-9ACF-67F76E71C475}"
	ProjectSection(SolutionItems) = preProject
		src\docker-compose.override.yml = src\docker-compose.override.yml
		src\docker-compose.yml = src\docker-compose.yml
	EndProjectSection
EndProject
Project("{2150E333-8FDC-42A3-9474-1A3956D46DE8}") = "tests", "tests", "{2E42E344-B63A-436D-A1DC-9CB814A4D04F}"
EndProject
Project("{2150E333-8FDC-42A3-9474-1A3956D46DE8}") = "ApiGateways", "ApiGateways", "{81A7CDC5-54D2-48CE-9275-C87AE826041B}"
EndProject
Project("{2150E333-8FDC-42A3-9474-1A3956D46DE8}") = "BuildingBlocks", "BuildingBlocks", "{B9B7651F-B865-4C1A-AD9A-CA6E66B9639E}"
EndProject
Project("{2150E333-8FDC-42A3-9474-1A3956D46DE8}") = "Services", "Services", "{D91F835F-DEB9-4B39-B59C-830752BB2EAF}"
EndProject
Project("{2150E333-8FDC-42A3-9474-1A3956D46DE8}") = "WebApps", "WebApps", "{C6D98772-CDDB-47A2-9F50-4D652E46316D}"
EndProject
Project("{9A19103F-16F7-4668-BE54-9A1E7A4F7556}") = "Common.Logging", "src\BuildingBlocks\Common.Logging\Common.Logging.csproj", "{8FFAA42F-0F2B-4BA7-B699-FB7949817FA6}"
EndProject
Project("{9A19103F-16F7-4668-BE54-9A1E7A4F7556}") = "EventBus.Message", "src\BuildingBlocks\EventBus.Message\EventBus.Message.csproj", "{4A257688-808E-4434-BEDE-D63CC64D9FF8}"
EndProject
Project("{2150E333-8FDC-42A3-9474-1A3956D46DE8}") = "Product", "Product", "{37777540-4B4E-4BFB-94DD-0391DE9FF3F1}"
EndProject
Project("{2150E333-8FDC-42A3-9474-1A3956D46DE8}") = "Customer", "Customer", "{2F2A24E8-5997-4B77-9937-FFD08C444503}"
EndProject
Project("{2150E333-8FDC-42A3-9474-1A3956D46DE8}") = "Basket", "Basket", "{496565A0-891A-40F0-A25A-54E6F8D05DB5}"
EndProject
Project("{2150E333-8FDC-42A3-9474-1A3956D46DE8}") = "Ordering", "Ordering", "{D7146D46-4040-4C76-92F3-020BB39868FD}"
EndProject
Project("{2150E333-8FDC-42A3-9474-1A3956D46DE8}") = "Inventory", "Inventory", "{FF209AD4-C157-4A1C-9D6C-A8F99C64A1D7}"
EndProject
Project("{2150E333-8FDC-42A3-9474-1A3956D46DE8}") = "ScheduledJob", "ScheduledJob", "{7F9F7F7E-C227-4434-98BB-73A3E89E5797}"
EndProject
Project("{9A19103F-16F7-4668-BE54-9A1E7A4F7556}") = "WebHealthStatus", "src\WebApps\WebHealthStatus\WebHealthStatus.csproj", "{5E3E8638-71C6-458B-8EB6-B3261D11F4BF}"
EndProject
Project("{9A19103F-16F7-4668-BE54-9A1E7A4F7556}") = "Basket.API", "src\Services\Basket.API\Basket.API.csproj", "{9CA4A74D-4851-4F41-8FA2-77E7E690A915}"
EndProject
Project("{9A19103F-16F7-4668-BE54-9A1E7A4F7556}") = "Customer.API", "src\Services\Customer.API\Customer.API.csproj", "{37C8580F-C254-42B0-AA5C-B80C2A36AF63}"
EndProject
Project("{9A19103F-16F7-4668-BE54-9A1E7A4F7556}") = "Inventory.Product.API", "src\Services\Inventory.Product.API\Inventory.Product.API.csproj", "{88056BF8-2D57-4AA0-B9CA-8D5E5D7BE2FA}"
EndProject
Project("{9A19103F-16F7-4668-BE54-9A1E7A4F7556}") = "Ordering.API", "src\Services\Ordering.API\Ordering.API.csproj", "{87888A51-E7F1-4BBE-BEEA-55F9D42C54EA}"
EndProject
Project("{9A19103F-16F7-4668-BE54-9A1E7A4F7556}") = "Product.API", "src\Services\Product.API\Product.API.csproj", "{ED7183A5-A53F-48E0-A733-EA0A0A54B9B8}"
EndProject
Project("{9A19103F-16F7-4668-BE54-9A1E7A4F7556}") = "Hangfire.API", "src\Services\Hangfire.API\Hangfire.API.csproj", "{99A44BCA-5B71-4794-913D-1D53EE9223F0}"
EndProject
Project("{9A19103F-16F7-4668-BE54-9A1E7A4F7556}") = "Contracts", "src\BuildingBlocks\Contracts\Contracts.csproj", "{29D4A030-74D1-464D-8FF7-B00E3A21D1B1}"
EndProject
Project("{9A19103F-16F7-4668-BE54-9A1E7A4F7556}") = "Infrastructure", "src\BuildingBlocks\Infrastructure\Infrastructure.csproj", "{C474057E-7B3A-4A98-9DBC-FC678980624F}"
EndProject
Project("{9A19103F-16F7-4668-BE54-9A1E7A4F7556}") = "Shared", "src\BuildingBlocks\Shared\Shared.csproj", "{B554B61E-7856-4413-BEAF-D46911AB5228}"
EndProject
Project("{9A19103F-16F7-4668-BE54-9A1E7A4F7556}") = "OcelotApiGw", "src\ApiGateways\OcelotApiGw\OcelotApiGw.csproj", "{8E41849C-6B54-4DF4-AC95-F687B81EE91A}"
EndProject
Global
	GlobalSection(SolutionConfigurationPlatforms) = preSolution
		Debug|Any CPU = Debug|Any CPU
		Release|Any CPU = Release|Any CPU
	EndGlobalSection
	GlobalSection(ProjectConfigurationPlatforms) = postSolution
		{8FFAA42F-0F2B-4BA7-B699-FB7949817FA6}.Debug|Any CPU.ActiveCfg = Debug|Any CPU
		{8FFAA42F-0F2B-4BA7-B699-FB7949817FA6}.Debug|Any CPU.Build.0 = Debug|Any CPU
		{8FFAA42F-0F2B-4BA7-B699-FB7949817FA6}.Release|Any CPU.ActiveCfg = Release|Any CPU
		{8FFAA42F-0F2B-4BA7-B699-FB7949817FA6}.Release|Any CPU.Build.0 = Release|Any CPU
		{4A257688-808E-4434-BEDE-D63CC64D9FF8}.Debug|Any CPU.ActiveCfg = Debug|Any CPU
		{4A257688-808E-4434-BEDE-D63CC64D9FF8}.Debug|Any CPU.Build.0 = Debug|Any CPU
		{4A257688-808E-4434-BEDE-D63CC64D9FF8}.Release|Any CPU.ActiveCfg = Release|Any CPU
		{4A257688-808E-4434-BEDE-D63CC64D9FF8}.Release|Any CPU.Build.0 = Release|Any CPU
		{5E3E8638-71C6-458B-8EB6-B3261D11F4BF}.Debug|Any CPU.ActiveCfg = Debug|Any CPU
		{5E3E8638-71C6-458B-8EB6-B3261D11F4BF}.Debug|Any CPU.Build.0 = Debug|Any CPU
		{5E3E8638-71C6-458B-8EB6-B3261D11F4BF}.Release|Any CPU.ActiveCfg = Release|Any CPU
		{5E3E8638-71C6-458B-8EB6-B3261D11F4BF}.Release|Any CPU.Build.0 = Release|Any CPU
		{9CA4A74D-4851-4F41-8FA2-77E7E690A915}.Debug|Any CPU.ActiveCfg = Debug|Any CPU
		{9CA4A74D-4851-4F41-8FA2-77E7E690A915}.Debug|Any CPU.Build.0 = Debug|Any CPU
		{9CA4A74D-4851-4F41-8FA2-77E7E690A915}.Release|Any CPU.ActiveCfg = Release|Any CPU
		{9CA4A74D-4851-4F41-8FA2-77E7E690A915}.Release|Any CPU.Build.0 = Release|Any CPU
		{37C8580F-C254-42B0-AA5C-B80C2A36AF63}.Debug|Any CPU.ActiveCfg = Debug|Any CPU
		{37C8580F-C254-42B0-AA5C-B80C2A36AF63}.Debug|Any CPU.Build.0 = Debug|Any CPU
		{37C8580F-C254-42B0-AA5C-B80C2A36AF63}.Release|Any CPU.ActiveCfg = Release|Any CPU
		{37C8580F-C254-42B0-AA5C-B80C2A36AF63}.Release|Any CPU.Build.0 = Release|Any CPU
		{88056BF8-2D57-4AA0-B9CA-8D5E5D7BE2FA}.Debug|Any CPU.ActiveCfg = Debug|Any CPU
		{88056BF8-2D57-4AA0-B9CA-8D5E5D7BE2FA}.Debug|Any CPU.Build.0 = Debug|Any CPU
		{88056BF8-2D57-4AA0-B9CA-8D5E5D7BE2FA}.Release|Any CPU.ActiveCfg = Release|Any CPU
		{88056BF8-2D57-4AA0-B9CA-8D5E5D7BE2FA}.Release|Any CPU.Build.0 = Release|Any CPU
		{87888A51-E7F1-4BBE-BEEA-55F9D42C54EA}.Debug|Any CPU.ActiveCfg = Debug|Any CPU
		{87888A51-E7F1-4BBE-BEEA-55F9D42C54EA}.Debug|Any CPU.Build.0 = Debug|Any CPU
		{87888A51-E7F1-4BBE-BEEA-55F9D42C54EA}.Release|Any CPU.ActiveCfg = Release|Any CPU
		{87888A51-E7F1-4BBE-BEEA-55F9D42C54EA}.Release|Any CPU.Build.0 = Release|Any CPU
		{ED7183A5-A53F-48E0-A733-EA0A0A54B9B8}.Debug|Any CPU.ActiveCfg = Debug|Any CPU
		{ED7183A5-A53F-48E0-A733-EA0A0A54B9B8}.Debug|Any CPU.Build.0 = Debug|Any CPU
		{ED7183A5-A53F-48E0-A733-EA0A0A54B9B8}.Release|Any CPU.ActiveCfg = Release|Any CPU
		{ED7183A5-A53F-48E0-A733-EA0A0A54B9B8}.Release|Any CPU.Build.0 = Release|Any CPU
		{99A44BCA-5B71-4794-913D-1D53EE9223F0}.Debug|Any CPU.ActiveCfg = Debug|Any CPU
		{99A44BCA-5B71-4794-913D-1D53EE9223F0}.Debug|Any CPU.Build.0 = Debug|Any CPU
		{99A44BCA-5B71-4794-913D-1D53EE9223F0}.Release|Any CPU.ActiveCfg = Release|Any CPU
		{99A44BCA-5B71-4794-913D-1D53EE9223F0}.Release|Any CPU.Build.0 = Release|Any CPU
		{29D4A030-74D1-464D-8FF7-B00E3A21D1B1}.Debug|Any CPU.ActiveCfg = Debug|Any CPU
		{29D4A030-74D1-464D-8FF7-B00E3A21D1B1}.Debug|Any CPU.Build.0 = Debug|Any CPU
		{29D4A030-74D1-464D-8FF7-B00E3A21D1B1}.Release|Any CPU.ActiveCfg = Release|Any CPU
		{29D4A030-74D1-464D-8FF7-B00E3A21D1B1}.Release|Any CPU.Build.0 = Release|Any CPU
		{C474057E-7B3A-4A98-9DBC-FC678980624F}.Debug|Any CPU.ActiveCfg = Debug|Any CPU
		{C474057E-7B3A-4A98-9DBC-FC678980624F}.Debug|Any CPU.Build.0 = Debug|Any CPU
		{C474057E-7B3A-4A98-9DBC-FC678980624F}.Release|Any CPU.ActiveCfg = Release|Any CPU
		{C474057E-7B3A-4A98-9DBC-FC678980624F}.Release|Any CPU.Build.0 = Release|Any CPU
		{B554B61E-7856-4413-BEAF-D46911AB5228}.Debug|Any CPU.ActiveCfg = Debug|Any CPU
		{B554B61E-7856-4413-BEAF-D46911AB5228}.Debug|Any CPU.Build.0 = Debug|Any CPU
		{B554B61E-7856-4413-BEAF-D46911AB5228}.Release|Any CPU.ActiveCfg = Release|Any CPU
		{B554B61E-7856-4413-BEAF-D46911AB5228}.Release|Any CPU.Build.0 = Release|Any CPU
		{8E41849C-6B54-4DF4-AC95-F687B81EE91A}.Debug|Any CPU.ActiveCfg = Debug|Any CPU
		{8E41849C-6B54-4DF4-AC95-F687B81EE91A}.Debug|Any CPU.Build.0 = Debug|Any CPU
		{8E41849C-6B54-4DF4-AC95-F687B81EE91A}.Release|Any CPU.ActiveCfg = Release|Any CPU
		{8E41849C-6B54-4DF4-AC95-F687B81EE91A}.Release|Any CPU.Build.0 = Release|Any CPU
	EndGlobalSection
	GlobalSection(SolutionProperties) = preSolution
		HideSolutionNode = FALSE
	EndGlobalSection
	GlobalSection(NestedProjects) = preSolution
		{81A7CDC5-54D2-48CE-9275-C87AE826041B} = {D8FD53B8-8215-461C-9ACF-67F76E71C475}
		{B9B7651F-B865-4C1A-AD9A-CA6E66B9639E} = {D8FD53B8-8215-461C-9ACF-67F76E71C475}
		{D91F835F-DEB9-4B39-B59C-830752BB2EAF} = {D8FD53B8-8215-461C-9ACF-67F76E71C475}
		{C6D98772-CDDB-47A2-9F50-4D652E46316D} = {D8FD53B8-8215-461C-9ACF-67F76E71C475}
		{8FFAA42F-0F2B-4BA7-B699-FB7949817FA6} = {B9B7651F-B865-4C1A-AD9A-CA6E66B9639E}
		{4A257688-808E-4434-BEDE-D63CC64D9FF8} = {B9B7651F-B865-4C1A-AD9A-CA6E66B9639E}
		{37777540-4B4E-4BFB-94DD-0391DE9FF3F1} = {D91F835F-DEB9-4B39-B59C-830752BB2EAF}
		{2F2A24E8-5997-4B77-9937-FFD08C444503} = {D91F835F-DEB9-4B39-B59C-830752BB2EAF}
		{496565A0-891A-40F0-A25A-54E6F8D05DB5} = {D91F835F-DEB9-4B39-B59C-830752BB2EAF}
		{D7146D46-4040-4C76-92F3-020BB39868FD} = {D91F835F-DEB9-4B39-B59C-830752BB2EAF}
		{FF209AD4-C157-4A1C-9D6C-A8F99C64A1D7} = {D91F835F-DEB9-4B39-B59C-830752BB2EAF}
		{7F9F7F7E-C227-4434-98BB-73A3E89E5797} = {D91F835F-DEB9-4B39-B59C-830752BB2EAF}
		{5E3E8638-71C6-458B-8EB6-B3261D11F4BF} = {C6D98772-CDDB-47A2-9F50-4D652E46316D}
		{9CA4A74D-4851-4F41-8FA2-77E7E690A915} = {496565A0-891A-40F0-A25A-54E6F8D05DB5}
		{37C8580F-C254-42B0-AA5C-B80C2A36AF63} = {2F2A24E8-5997-4B77-9937-FFD08C444503}
		{88056BF8-2D57-4AA0-B9CA-8D5E5D7BE2FA} = {FF209AD4-C157-4A1C-9D6C-A8F99C64A1D7}
		{87888A51-E7F1-4BBE-BEEA-55F9D42C54EA} = {D7146D46-4040-4C76-92F3-020BB39868FD}
		{ED7183A5-A53F-48E0-A733-EA0A0A54B9B8} = {37777540-4B4E-4BFB-94DD-0391DE9FF3F1}
		{99A44BCA-5B71-4794-913D-1D53EE9223F0} = {7F9F7F7E-C227-4434-98BB-73A3E89E5797}
		{29D4A030-74D1-464D-8FF7-B00E3A21D1B1} = {B9B7651F-B865-4C1A-AD9A-CA6E66B9639E}
		{C474057E-7B3A-4A98-9DBC-FC678980624F} = {B9B7651F-B865-4C1A-AD9A-CA6E66B9639E}
		{B554B61E-7856-4413-BEAF-D46911AB5228} = {B9B7651F-B865-4C1A-AD9A-CA6E66B9639E}
		{8E41849C-6B54-4DF4-AC95-F687B81EE91A} = {81A7CDC5-54D2-48CE-9275-C87AE826041B}
	EndGlobalSection
	GlobalSection(ExtensibilityGlobals) = postSolution
		SolutionGuid = {28458257-763A-4995-8A7D-F59BC60E556F}
	EndGlobalSection
EndGlobal
